{
  "name": "assets",
  "lockfileVersion": 3,
  "requires": true,
  "packages": {
    "": {
      "dependencies": {
        "@fontsource-variable/montserrat": "^5.2.8",
        "@tailwindplus/elements": "^1.0.22"
      }
    },
    "node_modules/@fontsource-variable/montserrat": {
      "version": "5.2.8",
      "resolved": "https://registry.npmjs.org/@fontsource-variable/montserrat/-/montserrat-5.2.8.tgz",
      "integrity": "sha512-d8wykq7GCKhEOlLwEuQIOK3w3qsXNxwDlH0meru4AZZzQ4/+rZyvHWKL6BBtHdmbovSHEEQDkwkD8qYUKlcFtQ==",
      "license": "OFL-1.1",
      "funding": {
        "url": "https://github.com/sponsors/ayuhito"
      }
    },
    "node_modules/@tailwindplus/elements": {
      "version": "1.0.22",
      "resolved": "https://registry.npmjs.org/@tailwindplus/elements/-/elements-1.0.22.tgz",
      "integrity": "sha512-rpUVblTefHInmbanTreDqxkjGYV+S44EOIJS1UtyvY1+tn5PbdOkUkWar8cjkEZpCDPAXbswtF0tuxEkX3jk0g==",
      "license": "SEE LICENSE IN LICENSE.md"
    }
  }
}
